// !$*UTF8*$!
{
	archiveVersion = 1;
	classes = {
	};
	objectVersion = 46;
	objects = {

/* Begin PBXBuildFile section */
		DE162FEA17E6586D00495D71 /* libOCMock.a in Frameworks */ = {isa = PBXBuildFile; fileRef = DE05C11817E6575900DF711F /* libOCMock.a */; };
		DE3F32ED17E4D897006C8798 /* BSViewControllerTests.m in Sources */ = {isa = PBXBuildFile; fileRef = DE3F32EC17E4D897006C8798 /* BSViewControllerTests.m */; };
		DE446ECB17E4D1BC00CB0982 /* Foundation.framework in Frameworks */ = {isa = PBXBuildFile; fileRef = DE446ECA17E4D1BC00CB0982 /* Foundation.framework */; };
		DE446ECD17E4D1BC00CB0982 /* CoreGraphics.framework in Frameworks */ = {isa = PBXBuildFile; fileRef = DE446ECC17E4D1BC00CB0982 /* CoreGraphics.framework */; };
		DE446ECF17E4D1BC00CB0982 /* UIKit.framework in Frameworks */ = {isa = PBXBuildFile; fileRef = DE446ECE17E4D1BC00CB0982 /* UIKit.framework */; };
		DE446ED517E4D1BC00CB0982 /* InfoPlist.strings in Resources */ = {isa = PBXBuildFile; fileRef = DE446ED317E4D1BC00CB0982 /* InfoPlist.strings */; };
		DE446ED717E4D1BC00CB0982 /* main.m in Sources */ = {isa = PBXBuildFile; fileRef = DE446ED617E4D1BC00CB0982 /* main.m */; };
		DE446EDB17E4D1BC00CB0982 /* BSAppDelegate.m in Sources */ = {isa = PBXBuildFile; fileRef = DE446EDA17E4D1BC00CB0982 /* BSAppDelegate.m */; };
		DE446EDE17E4D1BC00CB0982 /* Main.storyboard in Resources */ = {isa = PBXBuildFile; fileRef = DE446EDC17E4D1BC00CB0982 /* Main.storyboard */; };
		DE446EE117E4D1BC00CB0982 /* BSViewController.m in Sources */ = {isa = PBXBuildFile; fileRef = DE446EE017E4D1BC00CB0982 /* BSViewController.m */; };
		DE446EE317E4D1BC00CB0982 /* Images.xcassets in Resources */ = {isa = PBXBuildFile; fileRef = DE446EE217E4D1BC00CB0982 /* Images.xcassets */; };
		DE446EEA17E4D1BC00CB0982 /* XCTest.framework in Frameworks */ = {isa = PBXBuildFile; fileRef = DE446EE917E4D1BC00CB0982 /* XCTest.framework */; };
		DE446EEB17E4D1BC00CB0982 /* Foundation.framework in Frameworks */ = {isa = PBXBuildFile; fileRef = DE446ECA17E4D1BC00CB0982 /* Foundation.framework */; };
		DE446EEC17E4D1BC00CB0982 /* UIKit.framework in Frameworks */ = {isa = PBXBuildFile; fileRef = DE446ECE17E4D1BC00CB0982 /* UIKit.framework */; };
		DE446EF417E4D1BC00CB0982 /* InfoPlist.strings in Resources */ = {isa = PBXBuildFile; fileRef = DE446EF217E4D1BC00CB0982 /* InfoPlist.strings */; };
		DEC0397F17E52E3A00A7A063 /* BSOperationController.m in Sources */ = {isa = PBXBuildFile; fileRef = DEC0397E17E52E3A00A7A063 /* BSOperationController.m */; };
		DEC0398017E52E3A00A7A063 /* BSOperationController.m in Sources */ = {isa = PBXBuildFile; fileRef = DEC0397E17E52E3A00A7A063 /* BSOperationController.m */; };
		DEC0398217E52EE800A7A063 /* BSOperationControllerTests.m in Sources */ = {isa = PBXBuildFile; fileRef = DEC0398117E52EE800A7A063 /* BSOperationControllerTests.m */; };
/* End PBXBuildFile section */

/* Begin PBXContainerItemProxy section */
		DE05C0FF17E6575900DF711F /* PBXContainerItemProxy */ = {
			isa = PBXContainerItemProxy;
			containerPortal = DE05C05E17E6575900DF711F /* ArcExample.xcodeproj */;
			proxyType = 2;
			remoteGlobalIDString = 035F7F1914CDBBBC00D21121;
			remoteInfo = ArcExample;
		};
		DE05C10317E6575900DF711F /* PBXContainerItemProxy */ = {
			isa = PBXContainerItemProxy;
			containerPortal = DE05C07217E6575900DF711F /* iOS5Example.xcodeproj */;
			proxyType = 2;
			remoteGlobalIDString = 0395293915043C7A00D25639;
			remoteInfo = iOS5Example;
		};
		DE05C10517E6575900DF711F /* PBXContainerItemProxy */ = {
			isa = PBXContainerItemProxy;
			containerPortal = DE05C07217E6575900DF711F /* iOS5Example.xcodeproj */;
			proxyType = 2;
			remoteGlobalIDString = 0395296015043C7A00D25639;
			remoteInfo = iOS5ExampleTests;
		};
		DE05C10A17E6575900DF711F /* PBXContainerItemProxy */ = {
			isa = PBXContainerItemProxy;
			containerPortal = DE05C08F17E6575900DF711F /* iPhoneExample.xcodeproj */;
			proxyType = 2;
			remoteGlobalIDString = 1D6058910D05DD3D006BFB54;
			remoteInfo = iPhoneExample;
		};
		DE05C10C17E6575900DF711F /* PBXContainerItemProxy */ = {
			isa = PBXContainerItemProxy;
			containerPortal = DE05C08F17E6575900DF711F /* iPhoneExample.xcodeproj */;
			proxyType = 2;
			remoteGlobalIDString = 03E41F0811F5BE2F00147791;
			remoteInfo = iPhoneExampleTests;
		};
		DE05C10E17E6575900DF711F /* PBXContainerItemProxy */ = {
			isa = PBXContainerItemProxy;
			containerPortal = DE05C08F17E6575900DF711F /* iPhoneExample.xcodeproj */;
			proxyType = 2;
			remoteGlobalIDString = 03B85C5B11FFAF1100347AAD;
			remoteInfo = iPhoneExampleTesting;
		};
		DE05C11317E6575900DF711F /* PBXContainerItemProxy */ = {
			isa = PBXContainerItemProxy;
			containerPortal = DE05C0DB17E6575900DF711F /* OCMock.xcodeproj */;
			proxyType = 2;
			remoteGlobalIDString = 030EF0A814632FD000B04273;
			remoteInfo = OCMock;
		};
		DE05C11517E6575900DF711F /* PBXContainerItemProxy */ = {
			isa = PBXContainerItemProxy;
			containerPortal = DE05C0DB17E6575900DF711F /* OCMock.xcodeproj */;
			proxyType = 2;
			remoteGlobalIDString = 030EF0C014632FD000B04273;
			remoteInfo = OCMockTests;
		};
		DE05C11717E6575900DF711F /* PBXContainerItemProxy */ = {
			isa = PBXContainerItemProxy;
			containerPortal = DE05C0DB17E6575900DF711F /* OCMock.xcodeproj */;
			proxyType = 2;
			remoteGlobalIDString = 030EF0DC14632FF700B04273;
			remoteInfo = OCMockLib;
		};
		DE446EED17E4D1BC00CB0982 /* PBXContainerItemProxy */ = {
			isa = PBXContainerItemProxy;
			containerPortal = DE446EBF17E4D1BC00CB0982 /* Project object */;
			proxyType = 1;
			remoteGlobalIDString = DE446EC617E4D1BC00CB0982;
			remoteInfo = NSOperationPlay;
		};
/* End PBXContainerItemProxy section */

/* Begin PBXFileReference section */
		DE05C05717E6575900DF711F /* .gitignore */ = {isa = PBXFileReference; lastKnownFileType = text; path = .gitignore; sourceTree = "<group>"; };
		DE05C05B17E6575900DF711F /* ArcExample-Prefix.pch */ = {isa = PBXFileReference; lastKnownFileType = sourcecode.c.h; path = "ArcExample-Prefix.pch"; sourceTree = "<group>"; };
		DE05C05C17E6575900DF711F /* ArcExample.1 */ = {isa = PBXFileReference; lastKnownFileType = text.man; path = ArcExample.1; sourceTree = "<group>"; };
		DE05C05D17E6575900DF711F /* main.m */ = {isa = PBXFileReference; lastKnownFileType = sourcecode.c.objc; path = main.m; sourceTree = "<group>"; };
		DE05C05E17E6575900DF711F /* ArcExample.xcodeproj */ = {isa = PBXFileReference; lastKnownFileType = "wrapper.pb-project"; path = ArcExample.xcodeproj; sourceTree = "<group>"; };
		DE05C06317E6575900DF711F /* AppDelegate.h */ = {isa = PBXFileReference; lastKnownFileType = sourcecode.c.h; path = AppDelegate.h; sourceTree = "<group>"; };
		DE05C06417E6575900DF711F /* AppDelegate.m */ = {isa = PBXFileReference; lastKnownFileType = sourcecode.c.objc; path = AppDelegate.m; sourceTree = "<group>"; };
		DE05C06517E6575900DF711F /* DetailViewController.h */ = {isa = PBXFileReference; lastKnownFileType = sourcecode.c.h; path = DetailViewController.h; sourceTree = "<group>"; };
		DE05C06617E6575900DF711F /* DetailViewController.m */ = {isa = PBXFileReference; lastKnownFileType = sourcecode.c.objc; path = DetailViewController.m; sourceTree = "<group>"; };
		DE05C06817E6575900DF711F /* en */ = {isa = PBXFileReference; lastKnownFileType = text.plist.strings; name = en; path = en.lproj/InfoPlist.strings; sourceTree = "<group>"; };
		DE05C06A17E6575900DF711F /* en */ = {isa = PBXFileReference; lastKnownFileType = file.storyboard; name = en; path = en.lproj/MainStoryboard_iPad.storyboard; sourceTree = "<group>"; };
		DE05C06C17E6575900DF711F /* en */ = {isa = PBXFileReference; lastKnownFileType = file.storyboard; name = en; path = en.lproj/MainStoryboard_iPhone.storyboard; sourceTree = "<group>"; };
		DE05C06D17E6575900DF711F /* iOS5Example-Info.plist */ = {isa = PBXFileReference; lastKnownFileType = text.plist.xml; path = "iOS5Example-Info.plist"; sourceTree = "<group>"; };
		DE05C06E17E6575900DF711F /* iOS5Example-Prefix.pch */ = {isa = PBXFileReference; lastKnownFileType = sourcecode.c.h; path = "iOS5Example-Prefix.pch"; sourceTree = "<group>"; };
		DE05C06F17E6575900DF711F /* main.m */ = {isa = PBXFileReference; lastKnownFileType = sourcecode.c.objc; path = main.m; sourceTree = "<group>"; };
		DE05C07017E6575900DF711F /* MasterViewController.h */ = {isa = PBXFileReference; lastKnownFileType = sourcecode.c.h; path = MasterViewController.h; sourceTree = "<group>"; };
		DE05C07117E6575900DF711F /* MasterViewController.m */ = {isa = PBXFileReference; lastKnownFileType = sourcecode.c.objc; path = MasterViewController.m; sourceTree = "<group>"; };
		DE05C07217E6575900DF711F /* iOS5Example.xcodeproj */ = {isa = PBXFileReference; lastKnownFileType = "wrapper.pb-project"; path = iOS5Example.xcodeproj; sourceTree = "<group>"; };
		DE05C07717E6575900DF711F /* en */ = {isa = PBXFileReference; lastKnownFileType = text.plist.strings; name = en; path = en.lproj/InfoPlist.strings; sourceTree = "<group>"; };
		DE05C07817E6575900DF711F /* iOS5ExampleTests-Info.plist */ = {isa = PBXFileReference; lastKnownFileType = text.plist.xml; path = "iOS5ExampleTests-Info.plist"; sourceTree = "<group>"; };
		DE05C07917E6575900DF711F /* iOS5ExampleTests.h */ = {isa = PBXFileReference; lastKnownFileType = sourcecode.c.h; path = iOS5ExampleTests.h; sourceTree = "<group>"; };
		DE05C07A17E6575900DF711F /* iOS5ExampleTests.m */ = {isa = PBXFileReference; lastKnownFileType = sourcecode.c.objc; path = iOS5ExampleTests.m; sourceTree = "<group>"; };
		DE05C07B17E6575900DF711F /* ProtocolTests.h */ = {isa = PBXFileReference; lastKnownFileType = sourcecode.c.h; path = ProtocolTests.h; sourceTree = "<group>"; };
		DE05C07C17E6575900DF711F /* ProtocolTests.m */ = {isa = PBXFileReference; lastKnownFileType = sourcecode.c.objc; path = ProtocolTests.m; sourceTree = "<group>"; };
		DE05C08017E6575900DF711F /* NSNotificationCenter+OCMAdditions.h */ = {isa = PBXFileReference; lastKnownFileType = sourcecode.c.h; path = "NSNotificationCenter+OCMAdditions.h"; sourceTree = "<group>"; };
		DE05C08117E6575900DF711F /* OCMArg.h */ = {isa = PBXFileReference; lastKnownFileType = sourcecode.c.h; path = OCMArg.h; sourceTree = "<group>"; };
		DE05C08217E6575900DF711F /* OCMConstraint.h */ = {isa = PBXFileReference; lastKnownFileType = sourcecode.c.h; path = OCMConstraint.h; sourceTree = "<group>"; };
		DE05C08317E6575900DF711F /* OCMock.h */ = {isa = PBXFileReference; lastKnownFileType = sourcecode.c.h; path = OCMock.h; sourceTree = "<group>"; };
		DE05C08417E6575900DF711F /* OCMockObject.h */ = {isa = PBXFileReference; lastKnownFileType = sourcecode.c.h; path = OCMockObject.h; sourceTree = "<group>"; };
		DE05C08517E6575900DF711F /* OCMockRecorder.h */ = {isa = PBXFileReference; lastKnownFileType = sourcecode.c.h; path = OCMockRecorder.h; sourceTree = "<group>"; };
		DE05C08717E6575900DF711F /* libOCMock.a */ = {isa = PBXFileReference; lastKnownFileType = archive.ar; path = libOCMock.a; sourceTree = "<group>"; };
		DE05C08A17E6575900DF711F /* iPhoneExampleAppDelegate.h */ = {isa = PBXFileReference; lastKnownFileType = sourcecode.c.h; path = iPhoneExampleAppDelegate.h; sourceTree = "<group>"; };
		DE05C08B17E6575900DF711F /* iPhoneExampleAppDelegate.m */ = {isa = PBXFileReference; lastKnownFileType = sourcecode.c.objc; path = iPhoneExampleAppDelegate.m; sourceTree = "<group>"; };
		DE05C08C17E6575900DF711F /* RootViewController.h */ = {isa = PBXFileReference; lastKnownFileType = sourcecode.c.h; path = RootViewController.h; sourceTree = "<group>"; };
		DE05C08D17E6575900DF711F /* RootViewController.m */ = {isa = PBXFileReference; lastKnownFileType = sourcecode.c.objc; path = RootViewController.m; sourceTree = "<group>"; };
		DE05C08E17E6575900DF711F /* iPhoneExample-Info.plist */ = {isa = PBXFileReference; lastKnownFileType = text.plist.xml; path = "iPhoneExample-Info.plist"; sourceTree = "<group>"; };
		DE05C08F17E6575900DF711F /* iPhoneExample.xcodeproj */ = {isa = PBXFileReference; lastKnownFileType = "wrapper.pb-project"; path = iPhoneExample.xcodeproj; sourceTree = "<group>"; };
		DE05C09217E6575900DF711F /* iPhoneExample_Prefix.pch */ = {isa = PBXFileReference; lastKnownFileType = sourcecode.c.h; path = iPhoneExample_Prefix.pch; sourceTree = "<group>"; };
		DE05C09317E6575900DF711F /* iPhoneExampleTests-Info.plist */ = {isa = PBXFileReference; lastKnownFileType = text.plist.xml; path = "iPhoneExampleTests-Info.plist"; sourceTree = "<group>"; };
		DE05C09717E6575900DF711F /* NSNotificationCenter+OCMAdditions.h */ = {isa = PBXFileReference; lastKnownFileType = sourcecode.c.h; path = "NSNotificationCenter+OCMAdditions.h"; sourceTree = "<group>"; };
		DE05C09817E6575900DF711F /* OCMArg.h */ = {isa = PBXFileReference; lastKnownFileType = sourcecode.c.h; path = OCMArg.h; sourceTree = "<group>"; };
		DE05C09917E6575900DF711F /* OCMConstraint.h */ = {isa = PBXFileReference; lastKnownFileType = sourcecode.c.h; path = OCMConstraint.h; sourceTree = "<group>"; };
		DE05C09A17E6575900DF711F /* OCMock.h */ = {isa = PBXFileReference; lastKnownFileType = sourcecode.c.h; path = OCMock.h; sourceTree = "<group>"; };
		DE05C09B17E6575900DF711F /* OCMockObject.h */ = {isa = PBXFileReference; lastKnownFileType = sourcecode.c.h; path = OCMockObject.h; sourceTree = "<group>"; };
		DE05C09C17E6575900DF711F /* OCMockRecorder.h */ = {isa = PBXFileReference; lastKnownFileType = sourcecode.c.h; path = OCMockRecorder.h; sourceTree = "<group>"; };
		DE05C09D17E6575900DF711F /* libOCMock.a */ = {isa = PBXFileReference; lastKnownFileType = archive.ar; path = libOCMock.a; sourceTree = "<group>"; };
		DE05C09E17E6575900DF711F /* main.m */ = {isa = PBXFileReference; lastKnownFileType = sourcecode.c.objc; path = main.m; sourceTree = "<group>"; };
		DE05C09F17E6575900DF711F /* MainWindow.xib */ = {isa = PBXFileReference; lastKnownFileType = file.xib; path = MainWindow.xib; sourceTree = "<group>"; };
		DE05C0A017E6575900DF711F /* OCMockLogo.png */ = {isa = PBXFileReference; lastKnownFileType = image.png; path = OCMockLogo.png; sourceTree = "<group>"; };
		DE05C0A117E6575900DF711F /* RootViewController.xib */ = {isa = PBXFileReference; lastKnownFileType = file.xib; path = RootViewController.xib; sourceTree = "<group>"; };
		DE05C0A317E6575900DF711F /* RootViewControllerTests.h */ = {isa = PBXFileReference; lastKnownFileType = sourcecode.c.h; path = RootViewControllerTests.h; sourceTree = "<group>"; };
		DE05C0A417E6575900DF711F /* RootViewControllerTests.m */ = {isa = PBXFileReference; lastKnownFileType = sourcecode.c.objc; path = RootViewControllerTests.m; sourceTree = "<group>"; };
		DE05C0A517E6575900DF711F /* README.md */ = {isa = PBXFileReference; lastKnownFileType = text; path = README.md; sourceTree = "<group>"; };
		DE05C0A717E6575900DF711F /* Changes.txt */ = {isa = PBXFileReference; lastKnownFileType = text; path = Changes.txt; sourceTree = "<group>"; };
		DE05C0A917E6575900DF711F /* OCHamcrest.tar.bz2 */ = {isa = PBXFileReference; lastKnownFileType = file; path = OCHamcrest.tar.bz2; sourceTree = "<group>"; };
		DE05C0AA17E6575900DF711F /* License.txt */ = {isa = PBXFileReference; lastKnownFileType = text; path = License.txt; sourceTree = "<group>"; };
		DE05C0AD17E6575900DF711F /* en */ = {isa = PBXFileReference; lastKnownFileType = text.plist.strings; name = en; path = en.lproj/InfoPlist.strings; sourceTree = "<group>"; };
		DE05C0AE17E6575900DF711F /* NSInvocation+OCMAdditions.h */ = {isa = PBXFileReference; lastKnownFileType = sourcecode.c.h; path = "NSInvocation+OCMAdditions.h"; sourceTree = "<group>"; };
		DE05C0AF17E6575900DF711F /* NSInvocation+OCMAdditions.m */ = {isa = PBXFileReference; lastKnownFileType = sourcecode.c.objc; path = "NSInvocation+OCMAdditions.m"; sourceTree = "<group>"; };
		DE05C0B017E6575900DF711F /* NSMethodSignature+OCMAdditions.h */ = {isa = PBXFileReference; lastKnownFileType = sourcecode.c.h; path = "NSMethodSignature+OCMAdditions.h"; sourceTree = "<group>"; };
		DE05C0B117E6575900DF711F /* NSMethodSignature+OCMAdditions.m */ = {isa = PBXFileReference; lastKnownFileType = sourcecode.c.objc; path = "NSMethodSignature+OCMAdditions.m"; sourceTree = "<group>"; };
		DE05C0B217E6575900DF711F /* NSNotificationCenter+OCMAdditions.h */ = {isa = PBXFileReference; lastKnownFileType = sourcecode.c.h; path = "NSNotificationCenter+OCMAdditions.h"; sourceTree = "<group>"; };
		DE05C0B317E6575900DF711F /* NSNotificationCenter+OCMAdditions.m */ = {isa = PBXFileReference; lastKnownFileType = sourcecode.c.objc; path = "NSNotificationCenter+OCMAdditions.m"; sourceTree = "<group>"; };
		DE05C0B417E6575900DF711F /* OCClassMockObject.h */ = {isa = PBXFileReference; lastKnownFileType = sourcecode.c.h; path = OCClassMockObject.h; sourceTree = "<group>"; };
		DE05C0B517E6575900DF711F /* OCClassMockObject.m */ = {isa = PBXFileReference; lastKnownFileType = sourcecode.c.objc; path = OCClassMockObject.m; sourceTree = "<group>"; };
		DE05C0B617E6575900DF711F /* OCMArg.h */ = {isa = PBXFileReference; lastKnownFileType = sourcecode.c.h; path = OCMArg.h; sourceTree = "<group>"; };
		DE05C0B717E6575900DF711F /* OCMArg.m */ = {isa = PBXFileReference; lastKnownFileType = sourcecode.c.objc; path = OCMArg.m; sourceTree = "<group>"; };
		DE05C0B817E6575900DF711F /* OCMBlockCaller.h */ = {isa = PBXFileReference; lastKnownFileType = sourcecode.c.h; path = OCMBlockCaller.h; sourceTree = "<group>"; };
		DE05C0B917E6575900DF711F /* OCMBlockCaller.m */ = {isa = PBXFileReference; lastKnownFileType = sourcecode.c.objc; path = OCMBlockCaller.m; sourceTree = "<group>"; };
		DE05C0BA17E6575900DF711F /* OCMBoxedReturnValueProvider.h */ = {isa = PBXFileReference; lastKnownFileType = sourcecode.c.h; path = OCMBoxedReturnValueProvider.h; sourceTree = "<group>"; };
		DE05C0BB17E6575900DF711F /* OCMBoxedReturnValueProvider.m */ = {isa = PBXFileReference; lastKnownFileType = sourcecode.c.objc; path = OCMBoxedReturnValueProvider.m; sourceTree = "<group>"; };
		DE05C0BC17E6575900DF711F /* OCMConstraint.h */ = {isa = PBXFileReference; lastKnownFileType = sourcecode.c.h; path = OCMConstraint.h; sourceTree = "<group>"; };
		DE05C0BD17E6575900DF711F /* OCMConstraint.m */ = {isa = PBXFileReference; lastKnownFileType = sourcecode.c.objc; path = OCMConstraint.m; sourceTree = "<group>"; };
		DE05C0BE17E6575900DF711F /* OCMExceptionReturnValueProvider.h */ = {isa = PBXFileReference; lastKnownFileType = sourcecode.c.h; path = OCMExceptionReturnValueProvider.h; sourceTree = "<group>"; };
		DE05C0BF17E6575900DF711F /* OCMExceptionReturnValueProvider.m */ = {isa = PBXFileReference; lastKnownFileType = sourcecode.c.objc; path = OCMExceptionReturnValueProvider.m; sourceTree = "<group>"; };
		DE05C0C017E6575900DF711F /* OCMIndirectReturnValueProvider.h */ = {isa = PBXFileReference; lastKnownFileType = sourcecode.c.h; path = OCMIndirectReturnValueProvider.h; sourceTree = "<group>"; };
		DE05C0C117E6575900DF711F /* OCMIndirectReturnValueProvider.m */ = {isa = PBXFileReference; lastKnownFileType = sourcecode.c.objc; path = OCMIndirectReturnValueProvider.m; sourceTree = "<group>"; };
		DE05C0C217E6575900DF711F /* OCMNotificationPoster.h */ = {isa = PBXFileReference; lastKnownFileType = sourcecode.c.h; path = OCMNotificationPoster.h; sourceTree = "<group>"; };
		DE05C0C317E6575900DF711F /* OCMNotificationPoster.m */ = {isa = PBXFileReference; lastKnownFileType = sourcecode.c.objc; path = OCMNotificationPoster.m; sourceTree = "<group>"; };
		DE05C0C417E6575900DF711F /* OCMObserverRecorder.h */ = {isa = PBXFileReference; lastKnownFileType = sourcecode.c.h; path = OCMObserverRecorder.h; sourceTree = "<group>"; };
		DE05C0C517E6575900DF711F /* OCMObserverRecorder.m */ = {isa = PBXFileReference; lastKnownFileType = sourcecode.c.objc; path = OCMObserverRecorder.m; sourceTree = "<group>"; };
		DE05C0C617E6575900DF711F /* OCMock-Info.plist */ = {isa = PBXFileReference; lastKnownFileType = text.plist.xml; path = "OCMock-Info.plist"; sourceTree = "<group>"; };
		DE05C0C717E6575900DF711F /* OCMock-Prefix.pch */ = {isa = PBXFileReference; lastKnownFileType = sourcecode.c.h; path = "OCMock-Prefix.pch"; sourceTree = "<group>"; };
		DE05C0C817E6575900DF711F /* OCMock.h */ = {isa = PBXFileReference; lastKnownFileType = sourcecode.c.h; path = OCMock.h; sourceTree = "<group>"; };
		DE05C0C917E6575900DF711F /* OCMockObject.h */ = {isa = PBXFileReference; lastKnownFileType = sourcecode.c.h; path = OCMockObject.h; sourceTree = "<group>"; };
		DE05C0CA17E6575900DF711F /* OCMockObject.m */ = {isa = PBXFileReference; lastKnownFileType = sourcecode.c.objc; path = OCMockObject.m; sourceTree = "<group>"; };
		DE05C0CB17E6575900DF711F /* OCMockRecorder.h */ = {isa = PBXFileReference; lastKnownFileType = sourcecode.c.h; path = OCMockRecorder.h; sourceTree = "<group>"; };
		DE05C0CC17E6575900DF711F /* OCMockRecorder.m */ = {isa = PBXFileReference; lastKnownFileType = sourcecode.c.objc; path = OCMockRecorder.m; sourceTree = "<group>"; };
		DE05C0CD17E6575900DF711F /* OCMPassByRefSetter.h */ = {isa = PBXFileReference; lastKnownFileType = sourcecode.c.h; path = OCMPassByRefSetter.h; sourceTree = "<group>"; };
		DE05C0CE17E6575900DF711F /* OCMPassByRefSetter.m */ = {isa = PBXFileReference; lastKnownFileType = sourcecode.c.objc; path = OCMPassByRefSetter.m; sourceTree = "<group>"; };
		DE05C0CF17E6575900DF711F /* OCMRealObjectForwarder.h */ = {isa = PBXFileReference; lastKnownFileType = sourcecode.c.h; path = OCMRealObjectForwarder.h; sourceTree = "<group>"; };
		DE05C0D017E6575900DF711F /* OCMRealObjectForwarder.m */ = {isa = PBXFileReference; lastKnownFileType = sourcecode.c.objc; path = OCMRealObjectForwarder.m; sourceTree = "<group>"; };
		DE05C0D117E6575900DF711F /* OCMReturnValueProvider.h */ = {isa = PBXFileReference; lastKnownFileType = sourcecode.c.h; path = OCMReturnValueProvider.h; sourceTree = "<group>"; };
		DE05C0D217E6575900DF711F /* OCMReturnValueProvider.m */ = {isa = PBXFileReference; lastKnownFileType = sourcecode.c.objc; path = OCMReturnValueProvider.m; sourceTree = "<group>"; };
		DE05C0D317E6575900DF711F /* OCObserverMockObject.h */ = {isa = PBXFileReference; lastKnownFileType = sourcecode.c.h; path = OCObserverMockObject.h; sourceTree = "<group>"; };
		DE05C0D417E6575900DF711F /* OCObserverMockObject.m */ = {isa = PBXFileReference; lastKnownFileType = sourcecode.c.objc; path = OCObserverMockObject.m; sourceTree = "<group>"; };
		DE05C0D517E6575900DF711F /* OCPartialMockObject.h */ = {isa = PBXFileReference; lastKnownFileType = sourcecode.c.h; path = OCPartialMockObject.h; sourceTree = "<group>"; };
		DE05C0D617E6575900DF711F /* OCPartialMockObject.m */ = {isa = PBXFileReference; lastKnownFileType = sourcecode.c.objc; path = OCPartialMockObject.m; sourceTree = "<group>"; };
		DE05C0D717E6575900DF711F /* OCPartialMockRecorder.h */ = {isa = PBXFileReference; lastKnownFileType = sourcecode.c.h; path = OCPartialMockRecorder.h; sourceTree = "<group>"; };
		DE05C0D817E6575900DF711F /* OCPartialMockRecorder.m */ = {isa = PBXFileReference; lastKnownFileType = sourcecode.c.objc; path = OCPartialMockRecorder.m; sourceTree = "<group>"; };
		DE05C0D917E6575900DF711F /* OCProtocolMockObject.h */ = {isa = PBXFileReference; lastKnownFileType = sourcecode.c.h; path = OCProtocolMockObject.h; sourceTree = "<group>"; };
		DE05C0DA17E6575900DF711F /* OCProtocolMockObject.m */ = {isa = PBXFileReference; lastKnownFileType = sourcecode.c.objc; path = OCProtocolMockObject.m; sourceTree = "<group>"; };
		DE05C0DB17E6575900DF711F /* OCMock.xcodeproj */ = {isa = PBXFileReference; lastKnownFileType = "wrapper.pb-project"; path = OCMock.xcodeproj; sourceTree = "<group>"; };
		DE05C0DF17E6575900DF711F /* OCMockLib-Prefix.pch */ = {isa = PBXFileReference; lastKnownFileType = sourcecode.c.h; path = "OCMockLib-Prefix.pch"; sourceTree = "<group>"; };
		DE05C0E217E6575900DF711F /* en */ = {isa = PBXFileReference; lastKnownFileType = text.plist.strings; name = en; path = en.lproj/InfoPlist.strings; sourceTree = "<group>"; };
		DE05C0E317E6575900DF711F /* NSInvocationOCMAdditionsTests.h */ = {isa = PBXFileReference; lastKnownFileType = sourcecode.c.h; path = NSInvocationOCMAdditionsTests.h; sourceTree = "<group>"; };
		DE05C0E417E6575900DF711F /* NSInvocationOCMAdditionsTests.m */ = {isa = PBXFileReference; lastKnownFileType = sourcecode.c.objc; path = NSInvocationOCMAdditionsTests.m; sourceTree = "<group>"; };
		DE05C0E517E6575900DF711F /* NSMethodSignatureOCMAdditionsTests.h */ = {isa = PBXFileReference; lastKnownFileType = sourcecode.c.h; path = NSMethodSignatureOCMAdditionsTests.h; sourceTree = "<group>"; };
		DE05C0E617E6575900DF711F /* NSMethodSignatureOCMAdditionsTests.m */ = {isa = PBXFileReference; lastKnownFileType = sourcecode.c.objc; path = NSMethodSignatureOCMAdditionsTests.m; sourceTree = "<group>"; };
		DE05C0E717E6575900DF711F /* OCMArgTests.h */ = {isa = PBXFileReference; lastKnownFileType = sourcecode.c.h; path = OCMArgTests.h; sourceTree = "<group>"; };
		DE05C0E817E6575900DF711F /* OCMArgTests.m */ = {isa = PBXFileReference; lastKnownFileType = sourcecode.c.objc; path = OCMArgTests.m; sourceTree = "<group>"; };
		DE05C0E917E6575900DF711F /* OCMConstraintTests.h */ = {isa = PBXFileReference; lastKnownFileType = sourcecode.c.h; path = OCMConstraintTests.h; sourceTree = "<group>"; };
		DE05C0EA17E6575900DF711F /* OCMConstraintTests.m */ = {isa = PBXFileReference; lastKnownFileType = sourcecode.c.objc; path = OCMConstraintTests.m; sourceTree = "<group>"; };
		DE05C0EB17E6575900DF711F /* OCMockObjectClassMethodMockingTests.h */ = {isa = PBXFileReference; lastKnownFileType = sourcecode.c.h; path = OCMockObjectClassMethodMockingTests.h; sourceTree = "<group>"; };
		DE05C0EC17E6575900DF711F /* OCMockObjectClassMethodMockingTests.m */ = {isa = PBXFileReference; lastKnownFileType = sourcecode.c.objc; path = OCMockObjectClassMethodMockingTests.m; sourceTree = "<group>"; };
		DE05C0ED17E6575900DF711F /* OCMockObjectForwardingTargetTests.h */ = {isa = PBXFileReference; lastKnownFileType = sourcecode.c.h; path = OCMockObjectForwardingTargetTests.h; sourceTree = "<group>"; };
		DE05C0EE17E6575900DF711F /* OCMockObjectForwardingTargetTests.m */ = {isa = PBXFileReference; lastKnownFileType = sourcecode.c.objc; path = OCMockObjectForwardingTargetTests.m; sourceTree = "<group>"; };
		DE05C0EF17E6575900DF711F /* OCMockObjectHamcrestTests.h */ = {isa = PBXFileReference; lastKnownFileType = sourcecode.c.h; path = OCMockObjectHamcrestTests.h; sourceTree = "<group>"; };
		DE05C0F017E6575900DF711F /* OCMockObjectHamcrestTests.mm */ = {isa = PBXFileReference; lastKnownFileType = sourcecode.cpp.objcpp; path = OCMockObjectHamcrestTests.mm; sourceTree = "<group>"; };
		DE05C0F117E6575900DF711F /* OCMockObjectPartialMocksTests.h */ = {isa = PBXFileReference; lastKnownFileType = sourcecode.c.h; path = OCMockObjectPartialMocksTests.h; sourceTree = "<group>"; };
		DE05C0F217E6575900DF711F /* OCMockObjectPartialMocksTests.m */ = {isa = PBXFileReference; lastKnownFileType = sourcecode.c.objc; path = OCMockObjectPartialMocksTests.m; sourceTree = "<group>"; };
		DE05C0F317E6575900DF711F /* OCMockObjectProtocolMocksTests.h */ = {isa = PBXFileReference; lastKnownFileType = sourcecode.c.h; path = OCMockObjectProtocolMocksTests.h; sourceTree = "<group>"; };
		DE05C0F417E6575900DF711F /* OCMockObjectProtocolMocksTests.m */ = {isa = PBXFileReference; lastKnownFileType = sourcecode.c.objc; path = OCMockObjectProtocolMocksTests.m; sourceTree = "<group>"; };
		DE05C0F517E6575900DF711F /* OCMockObjectTests.h */ = {isa = PBXFileReference; lastKnownFileType = sourcecode.c.h; path = OCMockObjectTests.h; sourceTree = "<group>"; };
		DE05C0F617E6575900DF711F /* OCMockObjectTests.m */ = {isa = PBXFileReference; lastKnownFileType = sourcecode.c.objc; path = OCMockObjectTests.m; sourceTree = "<group>"; };
		DE05C0F717E6575900DF711F /* OCMockRecorderTests.h */ = {isa = PBXFileReference; lastKnownFileType = sourcecode.c.h; path = OCMockRecorderTests.h; sourceTree = "<group>"; };
		DE05C0F817E6575900DF711F /* OCMockRecorderTests.m */ = {isa = PBXFileReference; lastKnownFileType = sourcecode.c.objc; path = OCMockRecorderTests.m; sourceTree = "<group>"; };
		DE05C0F917E6575900DF711F /* OCMockTests-Info.plist */ = {isa = PBXFileReference; lastKnownFileType = text.plist.xml; path = "OCMockTests-Info.plist"; sourceTree = "<group>"; };
		DE05C0FA17E6575900DF711F /* OCObserverMockObjectTests.h */ = {isa = PBXFileReference; lastKnownFileType = sourcecode.c.h; path = OCObserverMockObjectTests.h; sourceTree = "<group>"; };
		DE05C0FB17E6575900DF711F /* OCObserverMockObjectTests.m */ = {isa = PBXFileReference; lastKnownFileType = sourcecode.c.objc; path = OCObserverMockObjectTests.m; sourceTree = "<group>"; };
		DE05C0FD17E6575900DF711F /* build.rb */ = {isa = PBXFileReference; lastKnownFileType = text.script.ruby; path = build.rb; sourceTree = "<group>"; };
		DE3F32EC17E4D897006C8798 /* BSViewControllerTests.m */ = {isa = PBXFileReference; fileEncoding = 4; lastKnownFileType = sourcecode.c.objc; lineEnding = 0; path = BSViewControllerTests.m; sourceTree = "<group>"; xcLanguageSpecificationIdentifier = xcode.lang.objc; };
		DE3F32EE17E4DD26006C8798 /* BSViewController_Private.h */ = {isa = PBXFileReference; fileEncoding = 4; lastKnownFileType = sourcecode.c.h; lineEnding = 0; path = BSViewController_Private.h; sourceTree = "<group>"; xcLanguageSpecificationIdentifier = xcode.lang.objcpp; };
		DE446EC717E4D1BC00CB0982 /* BSOperationPlay.app */ = {isa = PBXFileReference; explicitFileType = wrapper.application; includeInIndex = 0; path = BSOperationPlay.app; sourceTree = BUILT_PRODUCTS_DIR; };
		DE446ECA17E4D1BC00CB0982 /* Foundation.framework */ = {isa = PBXFileReference; lastKnownFileType = wrapper.framework; name = Foundation.framework; path = System/Library/Frameworks/Foundation.framework; sourceTree = SDKROOT; };
		DE446ECC17E4D1BC00CB0982 /* CoreGraphics.framework */ = {isa = PBXFileReference; lastKnownFileType = wrapper.framework; name = CoreGraphics.framework; path = System/Library/Frameworks/CoreGraphics.framework; sourceTree = SDKROOT; };
		DE446ECE17E4D1BC00CB0982 /* UIKit.framework */ = {isa = PBXFileReference; lastKnownFileType = wrapper.framework; name = UIKit.framework; path = System/Library/Frameworks/UIKit.framework; sourceTree = SDKROOT; };
		DE446ED217E4D1BC00CB0982 /* BSOperationPlay-Info.plist */ = {isa = PBXFileReference; lastKnownFileType = text.plist.xml; path = "BSOperationPlay-Info.plist"; sourceTree = "<group>"; };
		DE446ED417E4D1BC00CB0982 /* en */ = {isa = PBXFileReference; lastKnownFileType = text.plist.strings; name = en; path = en.lproj/InfoPlist.strings; sourceTree = "<group>"; };
		DE446ED617E4D1BC00CB0982 /* main.m */ = {isa = PBXFileReference; lastKnownFileType = sourcecode.c.objc; lineEnding = 0; path = main.m; sourceTree = "<group>"; xcLanguageSpecificationIdentifier = xcode.lang.objc; };
		DE446ED817E4D1BC00CB0982 /* BSOperationPlay-Prefix.pch */ = {isa = PBXFileReference; lastKnownFileType = sourcecode.c.h; path = "BSOperationPlay-Prefix.pch"; sourceTree = "<group>"; };
		DE446ED917E4D1BC00CB0982 /* BSAppDelegate.h */ = {isa = PBXFileReference; lastKnownFileType = sourcecode.c.h; lineEnding = 0; path = BSAppDelegate.h; sourceTree = "<group>"; xcLanguageSpecificationIdentifier = xcode.lang.objcpp; };
		DE446EDA17E4D1BC00CB0982 /* BSAppDelegate.m */ = {isa = PBXFileReference; lastKnownFileType = sourcecode.c.objc; lineEnding = 0; path = BSAppDelegate.m; sourceTree = "<group>"; xcLanguageSpecificationIdentifier = xcode.lang.objc; };
		DE446EDD17E4D1BC00CB0982 /* Base */ = {isa = PBXFileReference; lastKnownFileType = file.storyboard; name = Base; path = Base.lproj/Main.storyboard; sourceTree = "<group>"; };
		DE446EDF17E4D1BC00CB0982 /* BSViewController.h */ = {isa = PBXFileReference; lastKnownFileType = sourcecode.c.h; lineEnding = 0; path = BSViewController.h; sourceTree = "<group>"; xcLanguageSpecificationIdentifier = xcode.lang.objcpp; };
		DE446EE017E4D1BC00CB0982 /* BSViewController.m */ = {isa = PBXFileReference; lastKnownFileType = sourcecode.c.objc; lineEnding = 0; path = BSViewController.m; sourceTree = "<group>"; xcLanguageSpecificationIdentifier = xcode.lang.objc; };
		DE446EE217E4D1BC00CB0982 /* Images.xcassets */ = {isa = PBXFileReference; lastKnownFileType = folder.assetcatalog; path = Images.xcassets; sourceTree = "<group>"; };
		DE446EE817E4D1BC00CB0982 /* BSOperationPlayTests.xctest */ = {isa = PBXFileReference; explicitFileType = wrapper.cfbundle; includeInIndex = 0; path = BSOperationPlayTests.xctest; sourceTree = BUILT_PRODUCTS_DIR; };
		DE446EE917E4D1BC00CB0982 /* XCTest.framework */ = {isa = PBXFileReference; lastKnownFileType = wrapper.framework; name = XCTest.framework; path = Library/Frameworks/XCTest.framework; sourceTree = DEVELOPER_DIR; };
		DE446EF117E4D1BC00CB0982 /* BSOperationPlayTests-Info.plist */ = {isa = PBXFileReference; lastKnownFileType = text.plist.xml; path = "BSOperationPlayTests-Info.plist"; sourceTree = "<group>"; };
		DE446EF317E4D1BC00CB0982 /* en */ = {isa = PBXFileReference; lastKnownFileType = text.plist.strings; name = en; path = en.lproj/InfoPlist.strings; sourceTree = "<group>"; };
		DE57C2DF17E63A69003084E4 /* BSOperationController_Private.h */ = {isa = PBXFileReference; lastKnownFileType = sourcecode.c.h; path = BSOperationController_Private.h; sourceTree = "<group>"; };
		DEC0397D17E52E3A00A7A063 /* BSOperationController.h */ = {isa = PBXFileReference; fileEncoding = 4; lastKnownFileType = sourcecode.c.h; path = BSOperationController.h; sourceTree = "<group>"; };
		DEC0397E17E52E3A00A7A063 /* BSOperationController.m */ = {isa = PBXFileReference; fileEncoding = 4; lastKnownFileType = sourcecode.c.objc; path = BSOperationController.m; sourceTree = "<group>"; };
		DEC0398117E52EE800A7A063 /* BSOperationControllerTests.m */ = {isa = PBXFileReference; fileEncoding = 4; lastKnownFileType = sourcecode.c.objc; path = BSOperationControllerTests.m; sourceTree = "<group>"; };
		DEE39DD417E4D4C4002381FE /* LICENSE */ = {isa = PBXFileReference; lastKnownFileType = text; path = LICENSE; sourceTree = "<group>"; };
		DEE39DD517E4D4D8002381FE /* README.md */ = {isa = PBXFileReference; lastKnownFileType = text; path = README.md; sourceTree = "<group>"; };
/* End PBXFileReference section */

/* Begin PBXFrameworksBuildPhase section */
		DE446EC417E4D1BC00CB0982 /* Frameworks */ = {
			isa = PBXFrameworksBuildPhase;
			buildActionMask = 2147483647;
			files = (
				DE446ECD17E4D1BC00CB0982 /* CoreGraphics.framework in Frameworks */,
				DE446ECF17E4D1BC00CB0982 /* UIKit.framework in Frameworks */,
				DE446ECB17E4D1BC00CB0982 /* Foundation.framework in Frameworks */,
			);
			runOnlyForDeploymentPostprocessing = 0;
		};
		DE446EE517E4D1BC00CB0982 /* Frameworks */ = {
			isa = PBXFrameworksBuildPhase;
			buildActionMask = 2147483647;
			files = (
				DE162FEA17E6586D00495D71 /* libOCMock.a in Frameworks */,
				DE446EEA17E4D1BC00CB0982 /* XCTest.framework in Frameworks */,
				DE446EEC17E4D1BC00CB0982 /* UIKit.framework in Frameworks */,
				DE446EEB17E4D1BC00CB0982 /* Foundation.framework in Frameworks */,
			);
			runOnlyForDeploymentPostprocessing = 0;
		};
/* End PBXFrameworksBuildPhase section */

/* Begin PBXGroup section */
		DE05C05617E6575900DF711F /* ocmock */ = {
			isa = PBXGroup;
			children = (
				DE05C05717E6575900DF711F /* .gitignore */,
				DE05C05817E6575900DF711F /* Examples */,
				DE05C0A517E6575900DF711F /* README.md */,
				DE05C0A617E6575900DF711F /* Source */,
				DE05C0FC17E6575900DF711F /* Tools */,
			);
			path = ocmock;
			sourceTree = "<group>";
		};
		DE05C05817E6575900DF711F /* Examples */ = {
			isa = PBXGroup;
			children = (
				DE05C05917E6575900DF711F /* ArcExample */,
				DE05C06117E6575900DF711F /* iOS5Example */,
				DE05C08817E6575900DF711F /* iPhoneExample */,
			);
			path = Examples;
			sourceTree = "<group>";
		};
		DE05C05917E6575900DF711F /* ArcExample */ = {
			isa = PBXGroup;
			children = (
				DE05C05A17E6575900DF711F /* ArcExample */,
				DE05C05E17E6575900DF711F /* ArcExample.xcodeproj */,
			);
			path = ArcExample;
			sourceTree = "<group>";
		};
		DE05C05A17E6575900DF711F /* ArcExample */ = {
			isa = PBXGroup;
			children = (
				DE05C05B17E6575900DF711F /* ArcExample-Prefix.pch */,
				DE05C05C17E6575900DF711F /* ArcExample.1 */,
				DE05C05D17E6575900DF711F /* main.m */,
			);
			path = ArcExample;
			sourceTree = "<group>";
		};
		DE05C05F17E6575900DF711F /* Products */ = {
			isa = PBXGroup;
			children = (
				DE05C10017E6575900DF711F /* ArcExample */,
			);
			name = Products;
			sourceTree = "<group>";
		};
		DE05C06117E6575900DF711F /* iOS5Example */ = {
			isa = PBXGroup;
			children = (
				DE05C06217E6575900DF711F /* iOS5Example */,
				DE05C07217E6575900DF711F /* iOS5Example.xcodeproj */,
				DE05C07517E6575900DF711F /* iOS5ExampleTests */,
				DE05C07D17E6575900DF711F /* usr */,
			);
			path = iOS5Example;
			sourceTree = "<group>";
		};
		DE05C06217E6575900DF711F /* iOS5Example */ = {
			isa = PBXGroup;
			children = (
				DE05C06317E6575900DF711F /* AppDelegate.h */,
				DE05C06417E6575900DF711F /* AppDelegate.m */,
				DE05C06517E6575900DF711F /* DetailViewController.h */,
				DE05C06617E6575900DF711F /* DetailViewController.m */,
				DE05C06717E6575900DF711F /* InfoPlist.strings */,
				DE05C06917E6575900DF711F /* MainStoryboard_iPad.storyboard */,
				DE05C06B17E6575900DF711F /* MainStoryboard_iPhone.storyboard */,
				DE05C06D17E6575900DF711F /* iOS5Example-Info.plist */,
				DE05C06E17E6575900DF711F /* iOS5Example-Prefix.pch */,
				DE05C06F17E6575900DF711F /* main.m */,
				DE05C07017E6575900DF711F /* MasterViewController.h */,
				DE05C07117E6575900DF711F /* MasterViewController.m */,
			);
			path = iOS5Example;
			sourceTree = "<group>";
		};
		DE05C07317E6575900DF711F /* Products */ = {
			isa = PBXGroup;
			children = (
				DE05C10417E6575900DF711F /* iOS5Example.app */,
				DE05C10617E6575900DF711F /* iOS5ExampleTests.octest */,
			);
			name = Products;
			sourceTree = "<group>";
		};
		DE05C07517E6575900DF711F /* iOS5ExampleTests */ = {
			isa = PBXGroup;
			children = (
				DE05C07617E6575900DF711F /* InfoPlist.strings */,
				DE05C07817E6575900DF711F /* iOS5ExampleTests-Info.plist */,
				DE05C07917E6575900DF711F /* iOS5ExampleTests.h */,
				DE05C07A17E6575900DF711F /* iOS5ExampleTests.m */,
				DE05C07B17E6575900DF711F /* ProtocolTests.h */,
				DE05C07C17E6575900DF711F /* ProtocolTests.m */,
			);
			path = iOS5ExampleTests;
			sourceTree = "<group>";
		};
		DE05C07D17E6575900DF711F /* usr */ = {
			isa = PBXGroup;
			children = (
				DE05C07E17E6575900DF711F /* include */,
				DE05C08617E6575900DF711F /* lib */,
			);
			path = usr;
			sourceTree = "<group>";
		};
		DE05C07E17E6575900DF711F /* include */ = {
			isa = PBXGroup;
			children = (
				DE05C07F17E6575900DF711F /* OCMock */,
			);
			path = include;
			sourceTree = "<group>";
		};
		DE05C07F17E6575900DF711F /* OCMock */ = {
			isa = PBXGroup;
			children = (
				DE05C08017E6575900DF711F /* NSNotificationCenter+OCMAdditions.h */,
				DE05C08117E6575900DF711F /* OCMArg.h */,
				DE05C08217E6575900DF711F /* OCMConstraint.h */,
				DE05C08317E6575900DF711F /* OCMock.h */,
				DE05C08417E6575900DF711F /* OCMockObject.h */,
				DE05C08517E6575900DF711F /* OCMockRecorder.h */,
			);
			path = OCMock;
			sourceTree = "<group>";
		};
		DE05C08617E6575900DF711F /* lib */ = {
			isa = PBXGroup;
			children = (
				DE05C08717E6575900DF711F /* libOCMock.a */,
			);
			path = lib;
			sourceTree = "<group>";
		};
		DE05C08817E6575900DF711F /* iPhoneExample */ = {
			isa = PBXGroup;
			children = (
				DE05C08917E6575900DF711F /* Classes */,
				DE05C08E17E6575900DF711F /* iPhoneExample-Info.plist */,
				DE05C08F17E6575900DF711F /* iPhoneExample.xcodeproj */,
				DE05C09217E6575900DF711F /* iPhoneExample_Prefix.pch */,
				DE05C09317E6575900DF711F /* iPhoneExampleTests-Info.plist */,
				DE05C09417E6575900DF711F /* Libraries */,
				DE05C09E17E6575900DF711F /* main.m */,
				DE05C09F17E6575900DF711F /* MainWindow.xib */,
				DE05C0A017E6575900DF711F /* OCMockLogo.png */,
				DE05C0A117E6575900DF711F /* RootViewController.xib */,
				DE05C0A217E6575900DF711F /* Tests */,
			);
			path = iPhoneExample;
			sourceTree = "<group>";
		};
		DE05C08917E6575900DF711F /* Classes */ = {
			isa = PBXGroup;
			children = (
				DE05C08A17E6575900DF711F /* iPhoneExampleAppDelegate.h */,
				DE05C08B17E6575900DF711F /* iPhoneExampleAppDelegate.m */,
				DE05C08C17E6575900DF711F /* RootViewController.h */,
				DE05C08D17E6575900DF711F /* RootViewController.m */,
			);
			path = Classes;
			sourceTree = "<group>";
		};
		DE05C09017E6575900DF711F /* Products */ = {
			isa = PBXGroup;
			children = (
				DE05C10B17E6575900DF711F /* iPhoneExample.app */,
				DE05C10D17E6575900DF711F /* iPhoneExampleTests.octest */,
				DE05C10F17E6575900DF711F /* iPhoneExample.app */,
			);
			name = Products;
			sourceTree = "<group>";
		};
		DE05C09417E6575900DF711F /* Libraries */ = {
			isa = PBXGroup;
			children = (
				DE05C09517E6575900DF711F /* Headers */,
				DE05C09D17E6575900DF711F /* libOCMock.a */,
			);
			path = Libraries;
			sourceTree = "<group>";
		};
		DE05C09517E6575900DF711F /* Headers */ = {
			isa = PBXGroup;
			children = (
				DE05C09617E6575900DF711F /* OCMock */,
			);
			path = Headers;
			sourceTree = "<group>";
		};
		DE05C09617E6575900DF711F /* OCMock */ = {
			isa = PBXGroup;
			children = (
				DE05C09717E6575900DF711F /* NSNotificationCenter+OCMAdditions.h */,
				DE05C09817E6575900DF711F /* OCMArg.h */,
				DE05C09917E6575900DF711F /* OCMConstraint.h */,
				DE05C09A17E6575900DF711F /* OCMock.h */,
				DE05C09B17E6575900DF711F /* OCMockObject.h */,
				DE05C09C17E6575900DF711F /* OCMockRecorder.h */,
			);
			path = OCMock;
			sourceTree = "<group>";
		};
		DE05C0A217E6575900DF711F /* Tests */ = {
			isa = PBXGroup;
			children = (
				DE05C0A317E6575900DF711F /* RootViewControllerTests.h */,
				DE05C0A417E6575900DF711F /* RootViewControllerTests.m */,
			);
			path = Tests;
			sourceTree = "<group>";
		};
		DE05C0A617E6575900DF711F /* Source */ = {
			isa = PBXGroup;
			children = (
				DE05C0A717E6575900DF711F /* Changes.txt */,
				DE05C0A817E6575900DF711F /* Frameworks */,
				DE05C0AA17E6575900DF711F /* License.txt */,
				DE05C0AB17E6575900DF711F /* OCMock */,
				DE05C0DB17E6575900DF711F /* OCMock.xcodeproj */,
				DE05C0DE17E6575900DF711F /* OCMockLib */,
				DE05C0E017E6575900DF711F /* OCMockTests */,
			);
			path = Source;
			sourceTree = "<group>";
		};
		DE05C0A817E6575900DF711F /* Frameworks */ = {
			isa = PBXGroup;
			children = (
				DE05C0A917E6575900DF711F /* OCHamcrest.tar.bz2 */,
			);
			path = Frameworks;
			sourceTree = "<group>";
		};
		DE05C0AB17E6575900DF711F /* OCMock */ = {
			isa = PBXGroup;
			children = (
				DE05C0AC17E6575900DF711F /* InfoPlist.strings */,
				DE05C0AE17E6575900DF711F /* NSInvocation+OCMAdditions.h */,
				DE05C0AF17E6575900DF711F /* NSInvocation+OCMAdditions.m */,
				DE05C0B017E6575900DF711F /* NSMethodSignature+OCMAdditions.h */,
				DE05C0B117E6575900DF711F /* NSMethodSignature+OCMAdditions.m */,
				DE05C0B217E6575900DF711F /* NSNotificationCenter+OCMAdditions.h */,
				DE05C0B317E6575900DF711F /* NSNotificationCenter+OCMAdditions.m */,
				DE05C0B417E6575900DF711F /* OCClassMockObject.h */,
				DE05C0B517E6575900DF711F /* OCClassMockObject.m */,
				DE05C0B617E6575900DF711F /* OCMArg.h */,
				DE05C0B717E6575900DF711F /* OCMArg.m */,
				DE05C0B817E6575900DF711F /* OCMBlockCaller.h */,
				DE05C0B917E6575900DF711F /* OCMBlockCaller.m */,
				DE05C0BA17E6575900DF711F /* OCMBoxedReturnValueProvider.h */,
				DE05C0BB17E6575900DF711F /* OCMBoxedReturnValueProvider.m */,
				DE05C0BC17E6575900DF711F /* OCMConstraint.h */,
				DE05C0BD17E6575900DF711F /* OCMConstraint.m */,
				DE05C0BE17E6575900DF711F /* OCMExceptionReturnValueProvider.h */,
				DE05C0BF17E6575900DF711F /* OCMExceptionReturnValueProvider.m */,
				DE05C0C017E6575900DF711F /* OCMIndirectReturnValueProvider.h */,
				DE05C0C117E6575900DF711F /* OCMIndirectReturnValueProvider.m */,
				DE05C0C217E6575900DF711F /* OCMNotificationPoster.h */,
				DE05C0C317E6575900DF711F /* OCMNotificationPoster.m */,
				DE05C0C417E6575900DF711F /* OCMObserverRecorder.h */,
				DE05C0C517E6575900DF711F /* OCMObserverRecorder.m */,
				DE05C0C617E6575900DF711F /* OCMock-Info.plist */,
				DE05C0C717E6575900DF711F /* OCMock-Prefix.pch */,
				DE05C0C817E6575900DF711F /* OCMock.h */,
				DE05C0C917E6575900DF711F /* OCMockObject.h */,
				DE05C0CA17E6575900DF711F /* OCMockObject.m */,
				DE05C0CB17E6575900DF711F /* OCMockRecorder.h */,
				DE05C0CC17E6575900DF711F /* OCMockRecorder.m */,
				DE05C0CD17E6575900DF711F /* OCMPassByRefSetter.h */,
				DE05C0CE17E6575900DF711F /* OCMPassByRefSetter.m */,
				DE05C0CF17E6575900DF711F /* OCMRealObjectForwarder.h */,
				DE05C0D017E6575900DF711F /* OCMRealObjectForwarder.m */,
				DE05C0D117E6575900DF711F /* OCMReturnValueProvider.h */,
				DE05C0D217E6575900DF711F /* OCMReturnValueProvider.m */,
				DE05C0D317E6575900DF711F /* OCObserverMockObject.h */,
				DE05C0D417E6575900DF711F /* OCObserverMockObject.m */,
				DE05C0D517E6575900DF711F /* OCPartialMockObject.h */,
				DE05C0D617E6575900DF711F /* OCPartialMockObject.m */,
				DE05C0D717E6575900DF711F /* OCPartialMockRecorder.h */,
				DE05C0D817E6575900DF711F /* OCPartialMockRecorder.m */,
				DE05C0D917E6575900DF711F /* OCProtocolMockObject.h */,
				DE05C0DA17E6575900DF711F /* OCProtocolMockObject.m */,
			);
			path = OCMock;
			sourceTree = "<group>";
		};
		DE05C0DC17E6575900DF711F /* Products */ = {
			isa = PBXGroup;
			children = (
				DE05C11417E6575900DF711F /* OCMock.framework */,
				DE05C11617E6575900DF711F /* OCMockTests.octest */,
				DE05C11817E6575900DF711F /* libOCMock.a */,
			);
			name = Products;
			sourceTree = "<group>";
		};
		DE05C0DE17E6575900DF711F /* OCMockLib */ = {
			isa = PBXGroup;
			children = (
				DE05C0DF17E6575900DF711F /* OCMockLib-Prefix.pch */,
			);
			path = OCMockLib;
			sourceTree = "<group>";
		};
		DE05C0E017E6575900DF711F /* OCMockTests */ = {
			isa = PBXGroup;
			children = (
				DE05C0E117E6575900DF711F /* InfoPlist.strings */,
				DE05C0E317E6575900DF711F /* NSInvocationOCMAdditionsTests.h */,
				DE05C0E417E6575900DF711F /* NSInvocationOCMAdditionsTests.m */,
				DE05C0E517E6575900DF711F /* NSMethodSignatureOCMAdditionsTests.h */,
				DE05C0E617E6575900DF711F /* NSMethodSignatureOCMAdditionsTests.m */,
				DE05C0E717E6575900DF711F /* OCMArgTests.h */,
				DE05C0E817E6575900DF711F /* OCMArgTests.m */,
				DE05C0E917E6575900DF711F /* OCMConstraintTests.h */,
				DE05C0EA17E6575900DF711F /* OCMConstraintTests.m */,
				DE05C0EB17E6575900DF711F /* OCMockObjectClassMethodMockingTests.h */,
				DE05C0EC17E6575900DF711F /* OCMockObjectClassMethodMockingTests.m */,
				DE05C0ED17E6575900DF711F /* OCMockObjectForwardingTargetTests.h */,
				DE05C0EE17E6575900DF711F /* OCMockObjectForwardingTargetTests.m */,
				DE05C0EF17E6575900DF711F /* OCMockObjectHamcrestTests.h */,
				DE05C0F017E6575900DF711F /* OCMockObjectHamcrestTests.mm */,
				DE05C0F117E6575900DF711F /* OCMockObjectPartialMocksTests.h */,
				DE05C0F217E6575900DF711F /* OCMockObjectPartialMocksTests.m */,
				DE05C0F317E6575900DF711F /* OCMockObjectProtocolMocksTests.h */,
				DE05C0F417E6575900DF711F /* OCMockObjectProtocolMocksTests.m */,
				DE05C0F517E6575900DF711F /* OCMockObjectTests.h */,
				DE05C0F617E6575900DF711F /* OCMockObjectTests.m */,
				DE05C0F717E6575900DF711F /* OCMockRecorderTests.h */,
				DE05C0F817E6575900DF711F /* OCMockRecorderTests.m */,
				DE05C0F917E6575900DF711F /* OCMockTests-Info.plist */,
				DE05C0FA17E6575900DF711F /* OCObserverMockObjectTests.h */,
				DE05C0FB17E6575900DF711F /* OCObserverMockObjectTests.m */,
			);
			path = OCMockTests;
			sourceTree = "<group>";
		};
		DE05C0FC17E6575900DF711F /* Tools */ = {
			isa = PBXGroup;
			children = (
				DE05C0FD17E6575900DF711F /* build.rb */,
			);
			path = Tools;
			sourceTree = "<group>";
		};
		DE446EBE17E4D1BC00CB0982 = {
			isa = PBXGroup;
			children = (
				DEE39DD517E4D4D8002381FE /* README.md */,
				DEE39DD417E4D4C4002381FE /* LICENSE */,
				DE05C05617E6575900DF711F /* ocmock */,
				DE446ED017E4D1BC00CB0982 /* BSOperationPlay */,
				DE446EEF17E4D1BC00CB0982 /* BSOperationPlayTests */,
				DE446EC917E4D1BC00CB0982 /* Frameworks */,
				DE446EC817E4D1BC00CB0982 /* Products */,
			);
			sourceTree = "<group>";
		};
		DE446EC817E4D1BC00CB0982 /* Products */ = {
			isa = PBXGroup;
			children = (
				DE446EC717E4D1BC00CB0982 /* BSOperationPlay.app */,
				DE446EE817E4D1BC00CB0982 /* BSOperationPlayTests.xctest */,
			);
			name = Products;
			sourceTree = "<group>";
		};
		DE446EC917E4D1BC00CB0982 /* Frameworks */ = {
			isa = PBXGroup;
			children = (
				DE446ECA17E4D1BC00CB0982 /* Foundation.framework */,
				DE446ECC17E4D1BC00CB0982 /* CoreGraphics.framework */,
				DE446ECE17E4D1BC00CB0982 /* UIKit.framework */,
				DE446EE917E4D1BC00CB0982 /* XCTest.framework */,
			);
			name = Frameworks;
			sourceTree = "<group>";
		};
		DE446ED017E4D1BC00CB0982 /* BSOperationPlay */ = {
			isa = PBXGroup;
			children = (
				DE446EE217E4D1BC00CB0982 /* Images.xcassets */,
				DE446ED117E4D1BC00CB0982 /* Supporting Files */,
				DE446EDC17E4D1BC00CB0982 /* Main.storyboard */,
				DE446ED917E4D1BC00CB0982 /* BSAppDelegate.h */,
				DE446EDA17E4D1BC00CB0982 /* BSAppDelegate.m */,
				DEC0397D17E52E3A00A7A063 /* BSOperationController.h */,
				DE57C2DF17E63A69003084E4 /* BSOperationController_Private.h */,
				DEC0397E17E52E3A00A7A063 /* BSOperationController.m */,
				DE446EDF17E4D1BC00CB0982 /* BSViewController.h */,
				DE3F32EE17E4DD26006C8798 /* BSViewController_Private.h */,
				DE446EE017E4D1BC00CB0982 /* BSViewController.m */,
			);
			path = BSOperationPlay;
			sourceTree = "<group>";
		};
		DE446ED117E4D1BC00CB0982 /* Supporting Files */ = {
			isa = PBXGroup;
			children = (
				DE446ED217E4D1BC00CB0982 /* BSOperationPlay-Info.plist */,
				DE446ED317E4D1BC00CB0982 /* InfoPlist.strings */,
				DE446ED617E4D1BC00CB0982 /* main.m */,
				DE446ED817E4D1BC00CB0982 /* BSOperationPlay-Prefix.pch */,
			);
			name = "Supporting Files";
			sourceTree = "<group>";
		};
		DE446EEF17E4D1BC00CB0982 /* BSOperationPlayTests */ = {
			isa = PBXGroup;
			children = (
				DE446EF017E4D1BC00CB0982 /* Supporting Files */,
				DEC0398117E52EE800A7A063 /* BSOperationControllerTests.m */,
				DE3F32EC17E4D897006C8798 /* BSViewControllerTests.m */,
			);
			path = BSOperationPlayTests;
			sourceTree = "<group>";
		};
		DE446EF017E4D1BC00CB0982 /* Supporting Files */ = {
			isa = PBXGroup;
			children = (
				DE446EF117E4D1BC00CB0982 /* BSOperationPlayTests-Info.plist */,
				DE446EF217E4D1BC00CB0982 /* InfoPlist.strings */,
			);
			name = "Supporting Files";
			sourceTree = "<group>";
		};
/* End PBXGroup section */

/* Begin PBXNativeTarget section */
		DE446EC617E4D1BC00CB0982 /* BSOperationPlay */ = {
			isa = PBXNativeTarget;
			buildConfigurationList = DE446EF917E4D1BC00CB0982 /* Build configuration list for PBXNativeTarget "BSOperationPlay" */;
			buildPhases = (
				DE446EC317E4D1BC00CB0982 /* Sources */,
				DE446EC417E4D1BC00CB0982 /* Frameworks */,
				DE446EC517E4D1BC00CB0982 /* Resources */,
			);
			buildRules = (
			);
			dependencies = (
			);
			name = BSOperationPlay;
			productName = NSOperationPlay;
			productReference = DE446EC717E4D1BC00CB0982 /* BSOperationPlay.app */;
			productType = "com.apple.product-type.application";
		};
		DE446EE717E4D1BC00CB0982 /* BSOperationPlayTests */ = {
			isa = PBXNativeTarget;
			buildConfigurationList = DE446EFC17E4D1BC00CB0982 /* Build configuration list for PBXNativeTarget "BSOperationPlayTests" */;
			buildPhases = (
				DE446EE417E4D1BC00CB0982 /* Sources */,
				DE446EE517E4D1BC00CB0982 /* Frameworks */,
				DE446EE617E4D1BC00CB0982 /* Resources */,
			);
			buildRules = (
			);
			dependencies = (
				DE446EEE17E4D1BC00CB0982 /* PBXTargetDependency */,
			);
			name = BSOperationPlayTests;
			productName = NSOperationPlayTests;
			productReference = DE446EE817E4D1BC00CB0982 /* BSOperationPlayTests.xctest */;
			productType = "com.apple.product-type.bundle.unit-test";
		};
/* End PBXNativeTarget section */

/* Begin PBXProject section */
		DE446EBF17E4D1BC00CB0982 /* Project object */ = {
			isa = PBXProject;
			attributes = {
				CLASSPREFIX = BS;
				LastUpgradeCheck = 0500;
				ORGANIZATIONNAME = "Beepscore LLC";
				TargetAttributes = {
					DE446EE717E4D1BC00CB0982 = {
						TestTargetID = DE446EC617E4D1BC00CB0982;
					};
				};
			};
			buildConfigurationList = DE446EC217E4D1BC00CB0982 /* Build configuration list for PBXProject "BSOperationPlay" */;
			compatibilityVersion = "Xcode 3.2";
			developmentRegion = English;
			hasScannedForEncodings = 0;
			knownRegions = (
				en,
				Base,
			);
			mainGroup = DE446EBE17E4D1BC00CB0982;
			productRefGroup = DE446EC817E4D1BC00CB0982 /* Products */;
			projectDirPath = "";
			projectReferences = (
				{
					ProductGroup = DE05C05F17E6575900DF711F /* Products */;
					ProjectRef = DE05C05E17E6575900DF711F /* ArcExample.xcodeproj */;
				},
				{
					ProductGroup = DE05C07317E6575900DF711F /* Products */;
					ProjectRef = DE05C07217E6575900DF711F /* iOS5Example.xcodeproj */;
				},
				{
					ProductGroup = DE05C09017E6575900DF711F /* Products */;
					ProjectRef = DE05C08F17E6575900DF711F /* iPhoneExample.xcodeproj */;
				},
				{
					ProductGroup = DE05C0DC17E6575900DF711F /* Products */;
					ProjectRef = DE05C0DB17E6575900DF711F /* OCMock.xcodeproj */;
				},
			);
			projectRoot = "";
			targets = (
				DE446EC617E4D1BC00CB0982 /* BSOperationPlay */,
				DE446EE717E4D1BC00CB0982 /* BSOperationPlayTests */,
			);
		};
/* End PBXProject section */

/* Begin PBXReferenceProxy section */
		DE05C10017E6575900DF711F /* ArcExample */ = {
			isa = PBXReferenceProxy;
			fileType = "compiled.mach-o.executable";
			path = ArcExample;
			remoteRef = DE05C0FF17E6575900DF711F /* PBXContainerItemProxy */;
			sourceTree = BUILT_PRODUCTS_DIR;
		};
		DE05C10417E6575900DF711F /* iOS5Example.app */ = {
			isa = PBXReferenceProxy;
			fileType = wrapper.application;
			path = iOS5Example.app;
			remoteRef = DE05C10317E6575900DF711F /* PBXContainerItemProxy */;
			sourceTree = BUILT_PRODUCTS_DIR;
		};
		DE05C10617E6575900DF711F /* iOS5ExampleTests.octest */ = {
			isa = PBXReferenceProxy;
			fileType = wrapper.cfbundle;
			path = iOS5ExampleTests.octest;
			remoteRef = DE05C10517E6575900DF711F /* PBXContainerItemProxy */;
			sourceTree = BUILT_PRODUCTS_DIR;
		};
		DE05C10B17E6575900DF711F /* iPhoneExample.app */ = {
			isa = PBXReferenceProxy;
			fileType = wrapper.application;
			path = iPhoneExample.app;
			remoteRef = DE05C10A17E6575900DF711F /* PBXContainerItemProxy */;
			sourceTree = BUILT_PRODUCTS_DIR;
		};
		DE05C10D17E6575900DF711F /* iPhoneExampleTests.octest */ = {
			isa = PBXReferenceProxy;
			fileType = wrapper.cfbundle;
			path = iPhoneExampleTests.octest;
			remoteRef = DE05C10C17E6575900DF711F /* PBXContainerItemProxy */;
			sourceTree = BUILT_PRODUCTS_DIR;
		};
		DE05C10F17E6575900DF711F /* iPhoneExample.app */ = {
			isa = PBXReferenceProxy;
			fileType = wrapper.application;
			path = iPhoneExample.app;
			remoteRef = DE05C10E17E6575900DF711F /* PBXContainerItemProxy */;
			sourceTree = BUILT_PRODUCTS_DIR;
		};
		DE05C11417E6575900DF711F /* OCMock.framework */ = {
			isa = PBXReferenceProxy;
			fileType = wrapper.framework;
			path = OCMock.framework;
			remoteRef = DE05C11317E6575900DF711F /* PBXContainerItemProxy */;
			sourceTree = BUILT_PRODUCTS_DIR;
		};
		DE05C11617E6575900DF711F /* OCMockTests.octest */ = {
			isa = PBXReferenceProxy;
			fileType = wrapper.cfbundle;
			path = OCMockTests.octest;
			remoteRef = DE05C11517E6575900DF711F /* PBXContainerItemProxy */;
			sourceTree = BUILT_PRODUCTS_DIR;
		};
		DE05C11817E6575900DF711F /* libOCMock.a */ = {
			isa = PBXReferenceProxy;
			fileType = archive.ar;
			path = libOCMock.a;
			remoteRef = DE05C11717E6575900DF711F /* PBXContainerItemProxy */;
			sourceTree = BUILT_PRODUCTS_DIR;
		};
/* End PBXReferenceProxy section */

/* Begin PBXResourcesBuildPhase section */
		DE446EC517E4D1BC00CB0982 /* Resources */ = {
			isa = PBXResourcesBuildPhase;
			buildActionMask = 2147483647;
			files = (
				DE446EE317E4D1BC00CB0982 /* Images.xcassets in Resources */,
				DE446ED517E4D1BC00CB0982 /* InfoPlist.strings in Resources */,
				DE446EDE17E4D1BC00CB0982 /* Main.storyboard in Resources */,
			);
			runOnlyForDeploymentPostprocessing = 0;
		};
		DE446EE617E4D1BC00CB0982 /* Resources */ = {
			isa = PBXResourcesBuildPhase;
			buildActionMask = 2147483647;
			files = (
				DE446EF417E4D1BC00CB0982 /* InfoPlist.strings in Resources */,
			);
			runOnlyForDeploymentPostprocessing = 0;
		};
/* End PBXResourcesBuildPhase section */

/* Begin PBXSourcesBuildPhase section */
		DE446EC317E4D1BC00CB0982 /* Sources */ = {
			isa = PBXSourcesBuildPhase;
			buildActionMask = 2147483647;
			files = (
				DEC0397F17E52E3A00A7A063 /* BSOperationController.m in Sources */,
				DE446EE117E4D1BC00CB0982 /* BSViewController.m in Sources */,
				DE446ED717E4D1BC00CB0982 /* main.m in Sources */,
				DE446EDB17E4D1BC00CB0982 /* BSAppDelegate.m in Sources */,
			);
			runOnlyForDeploymentPostprocessing = 0;
		};
		DE446EE417E4D1BC00CB0982 /* Sources */ = {
			isa = PBXSourcesBuildPhase;
			buildActionMask = 2147483647;
			files = (
				DEC0398017E52E3A00A7A063 /* BSOperationController.m in Sources */,
				DE3F32ED17E4D897006C8798 /* BSViewControllerTests.m in Sources */,
				DEC0398217E52EE800A7A063 /* BSOperationControllerTests.m in Sources */,
			);
			runOnlyForDeploymentPostprocessing = 0;
		};
/* End PBXSourcesBuildPhase section */

/* Begin PBXTargetDependency section */
		DE446EEE17E4D1BC00CB0982 /* PBXTargetDependency */ = {
			isa = PBXTargetDependency;
			target = DE446EC617E4D1BC00CB0982 /* BSOperationPlay */;
			targetProxy = DE446EED17E4D1BC00CB0982 /* PBXContainerItemProxy */;
		};
/* End PBXTargetDependency section */

/* Begin PBXVariantGroup section */
		DE05C06717E6575900DF711F /* InfoPlist.strings */ = {
			isa = PBXVariantGroup;
			children = (
				DE05C06817E6575900DF711F /* en */,
			);
			name = InfoPlist.strings;
			sourceTree = "<group>";
		};
		DE05C06917E6575900DF711F /* MainStoryboard_iPad.storyboard */ = {
			isa = PBXVariantGroup;
			children = (
				DE05C06A17E6575900DF711F /* en */,
			);
			name = MainStoryboard_iPad.storyboard;
			sourceTree = "<group>";
		};
		DE05C06B17E6575900DF711F /* MainStoryboard_iPhone.storyboard */ = {
			isa = PBXVariantGroup;
			children = (
				DE05C06C17E6575900DF711F /* en */,
			);
			name = MainStoryboard_iPhone.storyboard;
			sourceTree = "<group>";
		};
		DE05C07617E6575900DF711F /* InfoPlist.strings */ = {
			isa = PBXVariantGroup;
			children = (
				DE05C07717E6575900DF711F /* en */,
			);
			name = InfoPlist.strings;
			sourceTree = "<group>";
		};
		DE05C0AC17E6575900DF711F /* InfoPlist.strings */ = {
			isa = PBXVariantGroup;
			children = (
				DE05C0AD17E6575900DF711F /* en */,
			);
			name = InfoPlist.strings;
			sourceTree = "<group>";
		};
		DE05C0E117E6575900DF711F /* InfoPlist.strings */ = {
			isa = PBXVariantGroup;
			children = (
				DE05C0E217E6575900DF711F /* en */,
			);
			name = InfoPlist.strings;
			sourceTree = "<group>";
		};
		DE446ED317E4D1BC00CB0982 /* InfoPlist.strings */ = {
			isa = PBXVariantGroup;
			children = (
				DE446ED417E4D1BC00CB0982 /* en */,
			);
			name = InfoPlist.strings;
			sourceTree = "<group>";
		};
		DE446EDC17E4D1BC00CB0982 /* Main.storyboard */ = {
			isa = PBXVariantGroup;
			children = (
				DE446EDD17E4D1BC00CB0982 /* Base */,
			);
			name = Main.storyboard;
			sourceTree = "<group>";
		};
		DE446EF217E4D1BC00CB0982 /* InfoPlist.strings */ = {
			isa = PBXVariantGroup;
			children = (
				DE446EF317E4D1BC00CB0982 /* en */,
			);
			name = InfoPlist.strings;
			sourceTree = "<group>";
		};
/* End PBXVariantGroup section */

/* Begin XCBuildConfiguration section */
		DE446EF717E4D1BC00CB0982 /* Debug */ = {
			isa = XCBuildConfiguration;
			buildSettings = {
				ALWAYS_SEARCH_USER_PATHS = NO;
				ARCHS = "$(ARCHS_STANDARD_INCLUDING_64_BIT)";
				CLANG_CXX_LANGUAGE_STANDARD = "gnu++0x";
				CLANG_CXX_LIBRARY = "libc++";
				CLANG_ENABLE_MODULES = YES;
				CLANG_ENABLE_OBJC_ARC = YES;
				CLANG_WARN_BOOL_CONVERSION = YES;
				CLANG_WARN_CONSTANT_CONVERSION = YES;
				CLANG_WARN_DIRECT_OBJC_ISA_USAGE = YES_ERROR;
				CLANG_WARN_EMPTY_BODY = YES;
				CLANG_WARN_ENUM_CONVERSION = YES;
				CLANG_WARN_INT_CONVERSION = YES;
				CLANG_WARN_OBJC_ROOT_CLASS = YES_ERROR;
				CLANG_WARN__DUPLICATE_METHOD_MATCH = YES;
				"CODE_SIGN_IDENTITY[sdk=iphoneos*]" = "iPhone Developer";
				COPY_PHASE_STRIP = NO;
				GCC_C_LANGUAGE_STANDARD = gnu99;
				GCC_DYNAMIC_NO_PIC = NO;
				GCC_OPTIMIZATION_LEVEL = 0;
				GCC_PREPROCESSOR_DEFINITIONS = (
					"DEBUG=1",
					"$(inherited)",
				);
				GCC_SYMBOLS_PRIVATE_EXTERN = NO;
				GCC_WARN_64_TO_32_BIT_CONVERSION = YES;
				GCC_WARN_ABOUT_RETURN_TYPE = YES_ERROR;
				GCC_WARN_UNDECLARED_SELECTOR = YES;
				GCC_WARN_UNINITIALIZED_AUTOS = YES;
				GCC_WARN_UNUSED_FUNCTION = YES;
				GCC_WARN_UNUSED_VARIABLE = YES;
				IPHONEOS_DEPLOYMENT_TARGET = 7.0;
				ONLY_ACTIVE_ARCH = YES;
				SDKROOT = iphoneos;
			};
			name = Debug;
		};
		DE446EF817E4D1BC00CB0982 /* Release */ = {
			isa = XCBuildConfiguration;
			buildSettings = {
				ALWAYS_SEARCH_USER_PATHS = NO;
				ARCHS = "$(ARCHS_STANDARD_INCLUDING_64_BIT)";
				CLANG_CXX_LANGUAGE_STANDARD = "gnu++0x";
				CLANG_CXX_LIBRARY = "libc++";
				CLANG_ENABLE_MODULES = YES;
				CLANG_ENABLE_OBJC_ARC = YES;
				CLANG_WARN_BOOL_CONVERSION = YES;
				CLANG_WARN_CONSTANT_CONVERSION = YES;
				CLANG_WARN_DIRECT_OBJC_ISA_USAGE = YES_ERROR;
				CLANG_WARN_EMPTY_BODY = YES;
				CLANG_WARN_ENUM_CONVERSION = YES;
				CLANG_WARN_INT_CONVERSION = YES;
				CLANG_WARN_OBJC_ROOT_CLASS = YES_ERROR;
				CLANG_WARN__DUPLICATE_METHOD_MATCH = YES;
				"CODE_SIGN_IDENTITY[sdk=iphoneos*]" = "iPhone Developer";
				COPY_PHASE_STRIP = YES;
				ENABLE_NS_ASSERTIONS = NO;
				GCC_C_LANGUAGE_STANDARD = gnu99;
				GCC_WARN_64_TO_32_BIT_CONVERSION = YES;
				GCC_WARN_ABOUT_RETURN_TYPE = YES_ERROR;
				GCC_WARN_UNDECLARED_SELECTOR = YES;
				GCC_WARN_UNINITIALIZED_AUTOS = YES;
				GCC_WARN_UNUSED_FUNCTION = YES;
				GCC_WARN_UNUSED_VARIABLE = YES;
				IPHONEOS_DEPLOYMENT_TARGET = 7.0;
				SDKROOT = iphoneos;
				VALIDATE_PRODUCT = YES;
			};
			name = Release;
		};
		DE446EFA17E4D1BC00CB0982 /* Debug */ = {
			isa = XCBuildConfiguration;
			buildSettings = {
				ASSETCATALOG_COMPILER_APPICON_NAME = AppIcon;
				ASSETCATALOG_COMPILER_LAUNCHIMAGE_NAME = LaunchImage;
				GCC_PRECOMPILE_PREFIX_HEADER = YES;
				GCC_PREFIX_HEADER = "BSOperationPlay/BSOperationPlay-Prefix.pch";
				INFOPLIST_FILE = "$(SRCROOT)/BSOperationPlay/BSOperationPlay-Info.plist";
				PRODUCT_NAME = BSOperationPlay;
				WRAPPER_EXTENSION = app;
			};
			name = Debug;
		};
		DE446EFB17E4D1BC00CB0982 /* Release */ = {
			isa = XCBuildConfiguration;
			buildSettings = {
				ASSETCATALOG_COMPILER_APPICON_NAME = AppIcon;
				ASSETCATALOG_COMPILER_LAUNCHIMAGE_NAME = LaunchImage;
				GCC_PRECOMPILE_PREFIX_HEADER = YES;
				GCC_PREFIX_HEADER = "BSOperationPlay/BSOperationPlay-Prefix.pch";
				INFOPLIST_FILE = "$(SRCROOT)/BSOperationPlay/BSOperationPlay-Info.plist";
				PRODUCT_NAME = BSOperationPlay;
				WRAPPER_EXTENSION = app;
			};
			name = Release;
		};
		DE446EFD17E4D1BC00CB0982 /* Debug */ = {
			isa = XCBuildConfiguration;
			buildSettings = {
				ARCHS = "$(ARCHS_STANDARD_INCLUDING_64_BIT)";
				BUNDLE_LOADER = "$(BUILT_PRODUCTS_DIR)/BSOperationPlay.app/BSOperationPlay";
				FRAMEWORK_SEARCH_PATHS = (
					"$(SDKROOT)/Developer/Library/Frameworks",
					"$(inherited)",
					"$(DEVELOPER_FRAMEWORKS_DIR)",
				);
				GCC_PRECOMPILE_PREFIX_HEADER = YES;
				GCC_PREFIX_HEADER = "BSOperationPlay/BSOperationPlay-Prefix.pch";
				GCC_PREPROCESSOR_DEFINITIONS = (
					"DEBUG=1",
					"$(inherited)",
				);
				INFOPLIST_FILE = "BSOperationPlayTests/BSOperationPlayTests-Info.plist";
				PRODUCT_NAME = BSOperationPlayTests;
				TEST_HOST = "$(BUNDLE_LOADER)";
				WRAPPER_EXTENSION = xctest;
			};
			name = Debug;
		};
		DE446EFE17E4D1BC00CB0982 /* Release */ = {
			isa = XCBuildConfiguration;
			buildSettings = {
				ARCHS = "$(ARCHS_STANDARD_INCLUDING_64_BIT)";
				BUNDLE_LOADER = "$(BUILT_PRODUCTS_DIR)/BSOperationPlay.app/BSOperationPlay";
				FRAMEWORK_SEARCH_PATHS = (
					"$(SDKROOT)/Developer/Library/Frameworks",
					"$(inherited)",
					"$(DEVELOPER_FRAMEWORKS_DIR)",
				);
				GCC_PRECOMPILE_PREFIX_HEADER = YES;
				GCC_PREFIX_HEADER = "BSOperationPlay/BSOperationPlay-Prefix.pch";
				INFOPLIST_FILE = "BSOperationPlayTests/BSOperationPlayTests-Info.plist";
				PRODUCT_NAME = BSOperationPlayTests;
				TEST_HOST = "$(BUNDLE_LOADER)";
				WRAPPER_EXTENSION = xctest;
			};
			name = Release;
		};
/* End XCBuildConfiguration section */

/* Begin XCConfigurationList section */
		DE446EC217E4D1BC00CB0982 /* Build configuration list for PBXProject "BSOperationPlay" */ = {
			isa = XCConfigurationList;
			buildConfigurations = (
				DE446EF717E4D1BC00CB0982 /* Debug */,
				DE446EF817E4D1BC00CB0982 /* Release */,
			);
			defaultConfigurationIsVisible = 0;
			defaultConfigurationName = Release;
		};
		DE446EF917E4D1BC00CB0982 /* Build configuration list for PBXNativeTarget "BSOperationPlay" */ = {
			isa = XCConfigurationList;
			buildConfigurations = (
				DE446EFA17E4D1BC00CB0982 /* Debug */,
				DE446EFB17E4D1BC00CB0982 /* Release */,
			);
			defaultConfigurationIsVisible = 0;
			defaultConfigurationName = Release;
		};
		DE446EFC17E4D1BC00CB0982 /* Build configuration list for PBXNativeTarget "BSOperationPlayTests" */ = {
			isa = XCConfigurationList;
			buildConfigurations = (
				DE446EFD17E4D1BC00CB0982 /* Debug */,
				DE446EFE17E4D1BC00CB0982 /* Release */,
			);
			defaultConfigurationIsVisible = 0;
			defaultConfigurationName = Release;
		};
/* End XCConfigurationList section */
	};
	rootObject = DE446EBF17E4D1BC00CB0982 /* Project object */;
}
